// !$*UTF8*$!
{
	archiveVersion = 1;
	classes = {
	};
	objectVersion = 48;
	objects = {

/* Begin PBXBuildFile section */
		D8CA7B761FBE8A0400E40D70 /* AppDelegate.swift in Sources */ = {isa = PBXBuildFile; fileRef = D8CA7B751FBE8A0400E40D70 /* AppDelegate.swift */; };
		D8CA7B781FBE8A0400E40D70 /* ViewController.swift in Sources */ = {isa = PBXBuildFile; fileRef = D8CA7B771FBE8A0400E40D70 /* ViewController.swift */; };
		D8CA7B7B1FBE8A0400E40D70 /* Main.storyboard in Resources */ = {isa = PBXBuildFile; fileRef = D8CA7B791FBE8A0400E40D70 /* Main.storyboard */; };
		D8CA7B7E1FBE8A0400E40D70 /* TipPro.xcdatamodeld in Sources */ = {isa = PBXBuildFile; fileRef = D8CA7B7C1FBE8A0400E40D70 /* TipPro.xcdatamodeld */; };
		D8CA7B801FBE8A0400E40D70 /* Assets.xcassets in Resources */ = {isa = PBXBuildFile; fileRef = D8CA7B7F1FBE8A0400E40D70 /* Assets.xcassets */; };
		D8CA7B831FBE8A0400E40D70 /* LaunchScreen.storyboard in Resources */ = {isa = PBXBuildFile; fileRef = D8CA7B811FBE8A0400E40D70 /* LaunchScreen.storyboard */; };
/* End PBXBuildFile section */

/* Begin PBXFileReference section */
		D8CA7B721FBE8A0400E40D70 /* TipPro.app */ = {isa = PBXFileReference; explicitFileType = wrapper.application; includeInIndex = 0; path = TipPro.app; sourceTree = BUILT_PRODUCTS_DIR; };
		D8CA7B751FBE8A0400E40D70 /* AppDelegate.swift */ = {isa = PBXFileReference; lastKnownFileType = sourcecode.swift; path = AppDelegate.swift; sourceTree = "<group>"; };
		D8CA7B771FBE8A0400E40D70 /* ViewController.swift */ = {isa = PBXFileReference; lastKnownFileType = sourcecode.swift; path = ViewController.swift; sourceTree = "<group>"; };
		D8CA7B7A1FBE8A0400E40D70 /* Base */ = {isa = PBXFileReference; lastKnownFileType = file.storyboard; name = Base; path = Base.lproj/Main.storyboard; sourceTree = "<group>"; };
		D8CA7B7D1FBE8A0400E40D70 /* TipPro.xcdatamodel */ = {isa = PBXFileReference; lastKnownFileType = wrapper.xcdatamodel; path = TipPro.xcdatamodel; sourceTree = "<group>"; };
		D8CA7B7F1FBE8A0400E40D70 /* Assets.xcassets */ = {isa = PBXFileReference; lastKnownFileType = folder.assetcatalog; path = Assets.xcassets; sourceTree = "<group>"; };
		D8CA7B821FBE8A0400E40D70 /* Base */ = {isa = PBXFileReference; lastKnownFileType = file.storyboard; name = Base; path = Base.lproj/LaunchScreen.storyboard; sourceTree = "<group>"; };
		D8CA7B841FBE8A0400E40D70 /* Info.plist */ = {isa = PBXFileReference; lastKnownFileType = text.plist.xml; path = Info.plist; sourceTree = "<group>"; };
/* End PBXFileReference section */

/* Begin PBXFrameworksBuildPhase section */
		D8CA7B6F1FBE8A0400E40D70 /* Frameworks */ = {
			isa = PBXFrameworksBuildPhase;
			buildActionMask = 2147483647;
			files = (
			);
			runOnlyForDeploymentPostprocessing = 0;
		};
/* End PBXFrameworksBuildPhase section */

/* Begin PBXGroup section */
		D8CA7B691FBE8A0400E40D70 = {
			isa = PBXGroup;
			children = (
				D8CA7B741FBE8A0400E40D70 /* TipPro */,
				D8CA7B731FBE8A0400E40D70 /* Products */,
			);
			sourceTree = "<group>";
		};
		D8CA7B731FBE8A0400E40D70 /* Products */ = {
			isa = PBXGroup;
			children = (
				D8CA7B721FBE8A0400E40D70 /* TipPro.app */,
			);
			name = Products;
			sourceTree = "<group>";
		};
		D8CA7B741FBE8A0400E40D70 /* TipPro */ = {
			isa = PBXGroup;
			children = (
				D8CA7B751FBE8A0400E40D70 /* AppDelegate.swift */,
				D8CA7B771FBE8A0400E40D70 /* ViewController.swift */,
				D8CA7B791FBE8A0400E40D70 /* Main.storyboard */,
				D8CA7B7F1FBE8A0400E40D70 /* Assets.xcassets */,
				D8CA7B811FBE8A0400E40D70 /* LaunchScreen.storyboard */,
				D8CA7B841FBE8A0400E40D70 /* Info.plist */,
				D8CA7B7C1FBE8A0400E40D70 /* TipPro.xcdatamodeld */,
			);
			path = TipPro;
			sourceTree = "<group>";
		};
/* End PBXGroup section */

/* Begin PBXNativeTarget section */
		D8CA7B711FBE8A0400E40D70 /* TipPro */ = {
			isa = PBXNativeTarget;
			buildConfigurationList = D8CA7B871FBE8A0400E40D70 /* Build configuration list for PBXNativeTarget "TipPro" */;
			buildPhases = (
				D8CA7B6E1FBE8A0400E40D70 /* Sources */,
				D8CA7B6F1FBE8A0400E40D70 /* Frameworks */,
				D8CA7B701FBE8A0400E40D70 /* Resources */,
			);
			buildRules = (
			);
			dependencies = (
			);
			name = TipPro;
			productName = TipPro;
			productReference = D8CA7B721FBE8A0400E40D70 /* TipPro.app */;
			productType = "com.apple.product-type.application";
		};
/* End PBXNativeTarget section */

/* Begin PBXProject section */
		D8CA7B6A1FBE8A0400E40D70 /* Project object */ = {
			isa = PBXProject;
			attributes = {
				LastSwiftUpdateCheck = 0900;
				LastUpgradeCheck = 0900;
				ORGANIZATIONNAME = AfricanPrince;
				TargetAttributes = {
					D8CA7B711FBE8A0400E40D70 = {
						CreatedOnToolsVersion = 9.0.1;
						ProvisioningStyle = Automatic;
					};
				};
			};
			buildConfigurationList = D8CA7B6D1FBE8A0400E40D70 /* Build configuration list for PBXProject "TipPro" */;
			compatibilityVersion = "Xcode 8.0";
			developmentRegion = en;
			hasScannedForEncodings = 0;
			knownRegions = (
				en,
				Base,
			);
			mainGroup = D8CA7B691FBE8A0400E40D70;
			productRefGroup = D8CA7B731FBE8A0400E40D70 /* Products */;
			projectDirPath = "";
			projectRoot = "";
			targets = (
				D8CA7B711FBE8A0400E40D70 /* TipPro */,
			);
		};
/* End PBXProject section */

/* Begin PBXResourcesBuildPhase section */
		D8CA7B701FBE8A0400E40D70 /* Resources */ = {
			isa = PBXResourcesBuildPhase;
			buildActionMask = 2147483647;
			files = (
				D8CA7B831FBE8A0400E40D70 /* LaunchScreen.storyboard in Resources */,
				D8CA7B801FBE8A0400E40D70 /* Assets.xcassets in Resources */,
				D8CA7B7B1FBE8A0400E40D70 /* Main.storyboard in Resources */,
			);
			runOnlyForDeploymentPostprocessing = 0;
		};
/* End PBXResourcesBuildPhase section */

/* Begin PBXSourcesBuildPhase section */
		D8CA7B6E1FBE8A0400E40D70 /* Sources */ = {
			isa = PBXSourcesBuildPhase;
			buildActionMask = 2147483647;
			files = (
				D8CA7B781FBE8A0400E40D70 /* ViewController.swift in Sources */,
				D8CA7B7E1FBE8A0400E40D70 /* TipPro.xcdatamodeld in Sources */,
				D8CA7B761FBE8A0400E40D70 /* AppDelegate.swift in Sources */,
			);
			runOnlyForDeploymentPostprocessing = 0;
		};
/* End PBXSourcesBuildPhase section */

/* Begin PBXVariantGroup section */
		D8CA7B791FBE8A0400E40D70 /* Main.storyboard */ = {
			isa = PBXVariantGroup;
			children = (
				D8CA7B7A1FBE8A0400E40D70 /* Base */,
			);
			name = Main.storyboard;
			sourceTree = "<group>";
		};
		D8CA7B811FBE8A0400E40D70 /* LaunchScreen.storyboard */ = {
			isa = PBXVariantGroup;
			children = (
				D8CA7B821FBE8A0400E40D70 /* Base */,
			);
			name = LaunchScreen.storyboard;
			sourceTree = "<group>";
		};
/* End PBXVariantGroup section */

/* Begin XCBuildConfiguration section */
		D8CA7B851FBE8A0400E40D70 /* Debug */ = {
			isa = XCBuildConfiguration;
			buildSettings = {
				ALWAYS_SEARCH_USER_PATHS = NO;
				CLANG_ANALYZER_NONNULL = YES;
				CLANG_ANALYZER_NUMBER_OBJECT_CONVERSION = YES_AGGRESSIVE;
				CLANG_CXX_LANGUAGE_STANDARD = "gnu++14";
				CLANG_CXX_LIBRARY = "libc++";
				CLANG_ENABLE_MODULES = YES;
				CLANG_ENABLE_OBJC_ARC = YES;
				CLANG_WARN_BLOCK_CAPTURE_AUTORELEASING = YES;
				CLANG_WARN_BOOL_CONVERSION = YES;
				CLANG_WARN_COMMA = YES;
				CLANG_WARN_CONSTANT_CONVERSION = YES;
				CLANG_WARN_DIRECT_OBJC_ISA_USAGE = YES_ERROR;
				CLANG_WARN_DOCUMENTATION_COMMENTS = YES;
				CLANG_WARN_EMPTY_BODY = YES;
				CLANG_WARN_ENUM_CONVERSION = YES;
				CLANG_WARN_INFINITE_RECURSION = YES;
				CLANG_WARN_INT_CONVERSION = YES;
				CLANG_WARN_NON_LITERAL_NULL_CONVERSION = YES;
				CLANG_WARN_OBJC_LITERAL_CONVERSION = YES;
				CLANG_WARN_OBJC_ROOT_CLASS = YES_ERROR;
				CLANG_WARN_RANGE_LOOP_ANALYSIS = YES;
				CLANG_WARN_STRICT_PROTOTYPES = YES;
				CLANG_WARN_SUSPICIOUS_MOVE = YES;
				CLANG_WARN_UNGUARDED_AVAILABILITY = YES_AGGRESSIVE;
				CLANG_WARN_UNREACHABLE_CODE = YES;
				CLANG_WARN__DUPLICATE_METHOD_MATCH = YES;
				CODE_SIGN_IDENTITY = "iPhone Developer";
				COPY_PHASE_STRIP = NO;
				DEBUG_INFORMATION_FORMAT = dwarf;
				ENABLE_STRICT_OBJC_MSGSEND = YES;
				ENABLE_TESTABILITY = YES;
				GCC_C_LANGUAGE_STANDARD = gnu11;
				GCC_DYNAMIC_NO_PIC = NO;
				GCC_NO_COMMON_BLOCKS = YES;
				GCC_OPTIMIZATION_LEVEL = 0;
				GCC_PREPROCESSOR_DEFINITIONS = (
					"DEBUG=1",
					"$(inherited)",
				);
				GCC_WARN_64_TO_32_BIT_CONVERSION = YES;
				GCC_WARN_ABOUT_RETURN_TYPE = YES_ERROR;
				GCC_WARN_UNDECLARED_SELECTOR = YES;
				GCC_WARN_UNINITIALIZED_AUTOS = YES_AGGRESSIVE;
				GCC_WARN_UNUSED_FUNCTION = YES;
				GCC_WARN_UNUSED_VARIABLE = YES;
				IPHONEOS_DEPLOYMENT_TARGET = 11.0;
				MTL_ENABLE_DEBUG_INFO = YES;
				ONLY_ACTIVE_ARCH = YES;
				SDKROOT = iphoneos;
				SWIFT_ACTIVE_COMPILATION_CONDITIONS = DEBUG;
				SWIFT_OPTIMIZATION_LEVEL = "-Onone";
			};
			name = Debug;
		};
		D8CA7B861FBE8A0400E40D70 /* Release */ = {
			isa = XCBuildConfiguration;
			buildSettings = {
				ALWAYS_SEARCH_USER_PATHS = NO;
				CLANG_ANALYZER_NONNULL = YES;
				CLANG_ANALYZER_NUMBER_OBJECT_CONVERSION = YES_AGGRESSIVE;
				CLANG_CXX_LANGUAGE_STANDARD = "gnu++14";
				CLANG_CXX_LIBRARY = "libc++";
				CLANG_ENABLE_MODULES = YES;
				CLANG_ENABLE_OBJC_ARC = YES;
				CLANG_WARN_BLOCK_CAPTURE_AUTORELEASING = YES;
				CLANG_WARN_BOOL_CONVERSION = YES;
				CLANG_WARN_COMMA = YES;
				CLANG_WARN_CONSTANT_CONVERSION = YES;
				CLANG_WARN_DIRECT_OBJC_ISA_USAGE = YES_ERROR;
				CLANG_WARN_DOCUMENTATION_COMMENTS = YES;
				CLANG_WARN_EMPTY_BODY = YES;
				CLANG_WARN_ENUM_CONVERSION = YES;
				CLANG_WARN_INFINITE_RECURSION = YES;
				CLANG_WARN_INT_CONVERSION = YES;
				CLANG_WARN_NON_LITERAL_NULL_CONVERSION = YES;
				CLANG_WARN_OBJC_LITERAL_CONVERSION = YES;
				CLANG_WARN_OBJC_ROOT_CLASS = YES_ERROR;
				CLANG_WARN_RANGE_LOOP_ANALYSIS = YES;
				CLANG_WARN_STRICT_PROTOTYPES = YES;
				CLANG_WARN_SUSPICIOUS_MOVE = YES;
				CLANG_WARN_UNGUARDED_AVAILABILITY = YES_AGGRESSIVE;
				CLANG_WARN_UNREACHABLE_CODE = YES;
				CLANG_WARN__DUPLICATE_METHOD_MATCH = YES;
				CODE_SIGN_IDENTITY = "iPhone Developer";
				COPY_PHASE_STRIP = NO;
				DEBUG_INFORMATION_FORMAT = "dwarf-with-dsym";
				ENABLE_NS_ASSERTIONS = NO;
				ENABLE_STRICT_OBJC_MSGSEND = YES;
				GCC_C_LANGUAGE_STANDARD = gnu11;
				GCC_NO_COMMON_BLOCKS = YES;
				GCC_WARN_64_TO_32_BIT_CONVERSION = YES;
				GCC_WARN_ABOUT_RETURN_TYPE = YES_ERROR;
				GCC_WARN_UNDECLARED_SELECTOR = YES;
				GCC_WARN_UNINITIALIZED_AUTOS = YES_AGGRESSIVE;
				GCC_WARN_UNUSED_FUNCTION = YES;
				GCC_WARN_UNUSED_VARIABLE = YES;
				IPHONEOS_DEPLOYMENT_TARGET = 11.0;
				MTL_ENABLE_DEBUG_INFO = NO;
				SDKROOT = iphoneos;
				SWIFT_OPTIMIZATION_LEVEL = "-Owholemodule";
				VALIDATE_PRODUCT = YES;
			};
			name = Release;
		};
		D8CA7B881FBE8A0400E40D70 /* Debug */ = {
			isa = XCBuildConfiguration;
			buildSettings = {
				ASSETCATALOG_COMPILER_APPICON_NAME = AppIcon;
				CODE_SIGN_STYLE = Automatic;
				DEVELOPMENT_TEAM = X7ZRR45E63;
				INFOPLIST_FILE = TipPro/Info.plist;
				LD_RUNPATH_SEARCH_PATHS = "$(inherited) @executable_path/Frameworks";
				PRODUCT_BUNDLE_IDENTIFIER = org.AfricanPrince.TipPro;
				PRODUCT_NAME = "$(TARGET_NAME)";
				SWIFT_VERSION = 4.0;
				TARGETED_DEVICE_FAMILY = "1,2";
			};
			name = Debug;
		};
		D8CA7B891FBE8A0400E40D70 /* Release */ = {
			isa = XCBuildConfiguration;
			buildSettings = {
				ASSETCATALOG_COMPILER_APPICON_NAME = AppIcon;
				CODE_SIGN_STYLE = Automatic;
				DEVELOPMENT_TEAM = X7ZRR45E63;
				INFOPLIST_FILE = TipPro/Info.plist;
				LD_RUNPATH_SEARCH_PATHS = "$(inherited) @executable_path/Frameworks";
				PRODUCT_BUNDLE_IDENTIFIER = org.AfricanPrince.TipPro;
				PRODUCT_NAME = "$(TARGET_NAME)";
				SWIFT_VERSION = 4.0;
				TARGETED_DEVICE_FAMILY = "1,2";
			};
			name = Release;
		};
/* End XCBuildConfiguration section */

/* Begin XCConfigurationList section */
		D8CA7B6D1FBE8A0400E40D70 /* Build configuration list for PBXProject "TipPro" */ = {
			isa = XCConfigurationList;
			buildConfigurations = (
				D8CA7B851FBE8A0400E40D70 /* Debug */,
				D8CA7B861FBE8A0400E40D70 /* Release */,
			);
			defaultConfigurationIsVisible = 0;
			defaultConfigurationName = Release;
		};
		D8CA7B871FBE8A0400E40D70 /* Build configuration list for PBXNativeTarget "TipPro" */ = {
			isa = XCConfigurationList;
			buildConfigurations = (
				D8CA7B881FBE8A0400E40D70 /* Debug */,
				D8CA7B891FBE8A0400E40D70 /* Release */,
			);
			defaultConfigurationIsVisible = 0;
			defaultConfigurationName = Release;
		};
/* End XCConfigurationList section */

/* Begin XCVersionGroup section */
		D8CA7B7C1FBE8A0400E40D70 /* TipPro.xcdatamodeld */ = {
			isa = XCVersionGroup;
			children = (
				D8CA7B7D1FBE8A0400E40D70 /* TipPro.xcdatamodel */,
			);
			currentVersion = D8CA7B7D1FBE8A0400E40D70 /* TipPro.xcdatamodel */;
			path = TipPro.xcdatamodeld;
			sourceTree = "<group>";
			versionGroupType = wrapper.xcdatamodel;
		};
/* End XCVersionGroup section */
	};
	rootObject = D8CA7B6A1FBE8A0400E40D70 /* Project object */;
}
